
Microsoft Visual Studio Solution File, Format Version 12.00
# Visual Studio Version 17
VisualStudioVersion = 17.10.35122.118
MinimumVisualStudioVersion = 10.0.40219.1
Project("{2150E333-8FDC-42A3-9474-1A3956D46DE8}") = "src", "src", "{F1D85618-C1F4-4564-9EDC-A773F2956911}"
EndProject
Project("{2150E333-8FDC-42A3-9474-1A3956D46DE8}") = "Group", "Group", "{D4C977D0-40C4-43DD-8B15-CA5A60165B5C}"
EndProject
Project("{2150E333-8FDC-42A3-9474-1A3956D46DE8}") = "ChargeStation", "ChargeStation", "{FA151F48-BE11-4030-A4F5-793FCEBB3F46}"
EndProject
Project("{2150E333-8FDC-42A3-9474-1A3956D46DE8}") = "Connector", "Connector", "{A1068998-9985-405E-93B2-6BEC94D4AF50}"
EndProject
Project("{2150E333-8FDC-42A3-9474-1A3956D46DE8}") = "Shared", "Shared", "{2892A846-5C23-4883-97F1-50FD1956E7D7}"
EndProject
Project("{2150E333-8FDC-42A3-9474-1A3956D46DE8}") = "tests", "tests", "{C81E077C-569B-438F-B4C7-F50702151F33}"
EndProject
Project("{2150E333-8FDC-42A3-9474-1A3956D46DE8}") = "infrastructure", "infrastructure", "{8A1C889C-E9EB-477E-A6D0-DA6D5FCFC38F}"
EndProject
Project("{9A19103F-16F7-4668-BE54-9A1E7A4F7556}") = "GroupService", "GroupService\GroupService.csproj", "{D71C3F14-7D68-4433-B74E-48B70E84A890}"
EndProject
Project("{9A19103F-16F7-4668-BE54-9A1E7A4F7556}") = "ConnectorService", "ConnectorService\ConnectorService.csproj", "{AE310A78-6F28-43AD-852F-FA0A06094411}"
EndProject
Project("{9A19103F-16F7-4668-BE54-9A1E7A4F7556}") = "ChargeStationService", "ChargeStationService\ChargeStationService.csproj", "{456E3B1A-0D51-4ED5-A73B-825EFA528898}"
EndProject
Project("{9A19103F-16F7-4668-BE54-9A1E7A4F7556}") = "Shared", "Shared\Shared.csproj", "{E1088A5B-793D-4802-A3FB-5721BEC1F7C5}"
EndProject
Project("{9A19103F-16F7-4668-BE54-9A1E7A4F7556}") = "Infrastructure", "Infrastructure\Infrastructure.csproj", "{EE4C7ECC-5ECD-45EB-8211-80DD281129AF}"
EndProject
Project("{FAE04EC0-301F-11D3-BF4B-00C04F79EFBC}") = "SmartCharging.Tests", "ChargeStation.Tests\SmartCharging.Tests.csproj", "{24782E4A-637C-494C-83E4-D4DC464CDB13}"
EndProject
Global
	GlobalSection(SolutionConfigurationPlatforms) = preSolution
		Debug|Any CPU = Debug|Any CPU
		Release|Any CPU = Release|Any CPU
	EndGlobalSection
	GlobalSection(ProjectConfigurationPlatforms) = postSolution
		{D71C3F14-7D68-4433-B74E-48B70E84A890}.Debug|Any CPU.ActiveCfg = Debug|Any CPU
		{D71C3F14-7D68-4433-B74E-48B70E84A890}.Debug|Any CPU.Build.0 = Debug|Any CPU
		{D71C3F14-7D68-4433-B74E-48B70E84A890}.Release|Any CPU.ActiveCfg = Release|Any CPU
		{D71C3F14-7D68-4433-B74E-48B70E84A890}.Release|Any CPU.Build.0 = Release|Any CPU
		{AE310A78-6F28-43AD-852F-FA0A06094411}.Debug|Any CPU.ActiveCfg = Debug|Any CPU
		{AE310A78-6F28-43AD-852F-FA0A06094411}.Debug|Any CPU.Build.0 = Debug|Any CPU
		{AE310A78-6F28-43AD-852F-FA0A06094411}.Release|Any CPU.ActiveCfg = Release|Any CPU
		{AE310A78-6F28-43AD-852F-FA0A06094411}.Release|Any CPU.Build.0 = Release|Any CPU
		{456E3B1A-0D51-4ED5-A73B-825EFA528898}.Debug|Any CPU.ActiveCfg = Debug|Any CPU
		{456E3B1A-0D51-4ED5-A73B-825EFA528898}.Debug|Any CPU.Build.0 = Debug|Any CPU
		{456E3B1A-0D51-4ED5-A73B-825EFA528898}.Release|Any CPU.ActiveCfg = Release|Any CPU
		{456E3B1A-0D51-4ED5-A73B-825EFA528898}.Release|Any CPU.Build.0 = Release|Any CPU
		{E1088A5B-793D-4802-A3FB-5721BEC1F7C5}.Debug|Any CPU.ActiveCfg = Debug|Any CPU
		{E1088A5B-793D-4802-A3FB-5721BEC1F7C5}.Debug|Any CPU.Build.0 = Debug|Any CPU
		{E1088A5B-793D-4802-A3FB-5721BEC1F7C5}.Release|Any CPU.ActiveCfg = Release|Any CPU
		{E1088A5B-793D-4802-A3FB-5721BEC1F7C5}.Release|Any CPU.Build.0 = Release|Any CPU
		{EE4C7ECC-5ECD-45EB-8211-80DD281129AF}.Debug|Any CPU.ActiveCfg = Debug|Any CPU
		{EE4C7ECC-5ECD-45EB-8211-80DD281129AF}.Debug|Any CPU.Build.0 = Debug|Any CPU
		{EE4C7ECC-5ECD-45EB-8211-80DD281129AF}.Release|Any CPU.ActiveCfg = Release|Any CPU
		{EE4C7ECC-5ECD-45EB-8211-80DD281129AF}.Release|Any CPU.Build.0 = Release|Any CPU
		{24782E4A-637C-494C-83E4-D4DC464CDB13}.Debug|Any CPU.ActiveCfg = Debug|Any CPU
		{24782E4A-637C-494C-83E4-D4DC464CDB13}.Debug|Any CPU.Build.0 = Debug|Any CPU
		{24782E4A-637C-494C-83E4-D4DC464CDB13}.Release|Any CPU.ActiveCfg = Release|Any CPU
		{24782E4A-637C-494C-83E4-D4DC464CDB13}.Release|Any CPU.Build.0 = Release|Any CPU
	EndGlobalSection
	GlobalSection(SolutionProperties) = preSolution
		HideSolutionNode = FALSE
	EndGlobalSection
	GlobalSection(NestedProjects) = preSolution
		{D4C977D0-40C4-43DD-8B15-CA5A60165B5C} = {F1D85618-C1F4-4564-9EDC-A773F2956911}
		{FA151F48-BE11-4030-A4F5-793FCEBB3F46} = {F1D85618-C1F4-4564-9EDC-A773F2956911}
		{A1068998-9985-405E-93B2-6BEC94D4AF50} = {F1D85618-C1F4-4564-9EDC-A773F2956911}
		{2892A846-5C23-4883-97F1-50FD1956E7D7} = {F1D85618-C1F4-4564-9EDC-A773F2956911}
		{D71C3F14-7D68-4433-B74E-48B70E84A890} = {D4C977D0-40C4-43DD-8B15-CA5A60165B5C}
		{AE310A78-6F28-43AD-852F-FA0A06094411} = {A1068998-9985-405E-93B2-6BEC94D4AF50}
		{456E3B1A-0D51-4ED5-A73B-825EFA528898} = {FA151F48-BE11-4030-A4F5-793FCEBB3F46}
		{E1088A5B-793D-4802-A3FB-5721BEC1F7C5} = {2892A846-5C23-4883-97F1-50FD1956E7D7}
		{EE4C7ECC-5ECD-45EB-8211-80DD281129AF} = {8A1C889C-E9EB-477E-A6D0-DA6D5FCFC38F}
		{24782E4A-637C-494C-83E4-D4DC464CDB13} = {C81E077C-569B-438F-B4C7-F50702151F33}
	EndGlobalSection
	GlobalSection(ExtensibilityGlobals) = postSolution
		SolutionGuid = {3860A774-449D-4BB5-970D-286E3325F12A}
	EndGlobalSection
EndGlobal
